// !$*UTF8*$!
{
	archiveVersion = 1;
	classes = {
	};
	objectVersion = 46;
	objects = {

/* Begin PBXBuildFile section */
		6B7DAF351B54907500659C5E /* Meme.swift in Sources */ = {isa = PBXBuildFile; fileRef = 6B7DAF341B54907500659C5E /* Meme.swift */; };
		6B7DAF391B54E8D800659C5E /* SentMemesTableViewController.swift in Sources */ = {isa = PBXBuildFile; fileRef = 6B7DAF381B54E8D700659C5E /* SentMemesTableViewController.swift */; };
		6B7DAF3B1B54E99000659C5E /* SentMemesCollectionViewController.swift in Sources */ = {isa = PBXBuildFile; fileRef = 6B7DAF3A1B54E99000659C5E /* SentMemesCollectionViewController.swift */; };
		6B7DAF3D1B55F3A200659C5E /* MemeTableViewCell.swift in Sources */ = {isa = PBXBuildFile; fileRef = 6B7DAF3C1B55F3A200659C5E /* MemeTableViewCell.swift */; };
		6B8F6A261B530F1F00F40EB5 /* AppDelegate.swift in Sources */ = {isa = PBXBuildFile; fileRef = 6B8F6A251B530F1F00F40EB5 /* AppDelegate.swift */; };
		6B8F6A281B530F1F00F40EB5 /* ViewController.swift in Sources */ = {isa = PBXBuildFile; fileRef = 6B8F6A271B530F1F00F40EB5 /* ViewController.swift */; };
		6B8F6A2B1B530F1F00F40EB5 /* Main.storyboard in Resources */ = {isa = PBXBuildFile; fileRef = 6B8F6A291B530F1F00F40EB5 /* Main.storyboard */; };
		6B8F6A2D1B530F1F00F40EB5 /* Images.xcassets in Resources */ = {isa = PBXBuildFile; fileRef = 6B8F6A2C1B530F1F00F40EB5 /* Images.xcassets */; };
		6B8F6A301B530F1F00F40EB5 /* LaunchScreen.xib in Resources */ = {isa = PBXBuildFile; fileRef = 6B8F6A2E1B530F1F00F40EB5 /* LaunchScreen.xib */; };
		6B8F6A3C1B530F1F00F40EB5 /* MemeMeTests.swift in Sources */ = {isa = PBXBuildFile; fileRef = 6B8F6A3B1B530F1F00F40EB5 /* MemeMeTests.swift */; };
		6B8F6A4E1B530F8000F40EB5 /* collection@1x.png in Resources */ = {isa = PBXBuildFile; fileRef = 6B8F6A451B530F8000F40EB5 /* collection@1x.png */; };
		6B8F6A4F1B530F8000F40EB5 /* collection@2x.png in Resources */ = {isa = PBXBuildFile; fileRef = 6B8F6A461B530F8000F40EB5 /* collection@2x.png */; };
		6B8F6A501B530F8000F40EB5 /* collection@3x.png in Resources */ = {isa = PBXBuildFile; fileRef = 6B8F6A471B530F8000F40EB5 /* collection@3x.png */; };
		6B8F6A511B530F8000F40EB5 /* LaunchImage.png in Resources */ = {isa = PBXBuildFile; fileRef = 6B8F6A481B530F8000F40EB5 /* LaunchImage.png */; };
		6B8F6A521B530F8000F40EB5 /* MemeGenerator@2x.png in Resources */ = {isa = PBXBuildFile; fileRef = 6B8F6A491B530F8000F40EB5 /* MemeGenerator@2x.png */; };
		6B8F6A531B530F8000F40EB5 /* MemeGenerator@3x.png in Resources */ = {isa = PBXBuildFile; fileRef = 6B8F6A4A1B530F8000F40EB5 /* MemeGenerator@3x.png */; };
		6B8F6A541B530F8000F40EB5 /* table@1x.png in Resources */ = {isa = PBXBuildFile; fileRef = 6B8F6A4B1B530F8000F40EB5 /* table@1x.png */; };
		6B8F6A551B530F8000F40EB5 /* table@2x.png in Resources */ = {isa = PBXBuildFile; fileRef = 6B8F6A4C1B530F8000F40EB5 /* table@2x.png */; };
		6B8F6A561B530F8000F40EB5 /* table@3x.png in Resources */ = {isa = PBXBuildFile; fileRef = 6B8F6A4D1B530F8000F40EB5 /* table@3x.png */; };
		6B8F6A5D1B532B6900F40EB5 /* MemeEditor.swift in Sources */ = {isa = PBXBuildFile; fileRef = 6B8F6A5C1B532B6900F40EB5 /* MemeEditor.swift */; };
		6BDCA6771B589019005A2C48 /* MemeLineLabel.swift in Sources */ = {isa = PBXBuildFile; fileRef = 6BDCA6761B589019005A2C48 /* MemeLineLabel.swift */; };
		6BDCA6791B589F1E005A2C48 /* MemeCollectionViewCell.swift in Sources */ = {isa = PBXBuildFile; fileRef = 6BDCA6781B589F1E005A2C48 /* MemeCollectionViewCell.swift */; };
/* End PBXBuildFile section */

/* Begin PBXContainerItemProxy section */
		6B8F6A361B530F1F00F40EB5 /* PBXContainerItemProxy */ = {
			isa = PBXContainerItemProxy;
			containerPortal = 6B8F6A181B530F1F00F40EB5 /* Project object */;
			proxyType = 1;
			remoteGlobalIDString = 6B8F6A1F1B530F1F00F40EB5;
			remoteInfo = MemeMe;
		};
/* End PBXContainerItemProxy section */

/* Begin PBXFileReference section */
		6B7DAF341B54907500659C5E /* Meme.swift */ = {isa = PBXFileReference; fileEncoding = 4; lastKnownFileType = sourcecode.swift; path = Meme.swift; sourceTree = "<group>"; };
		6B7DAF381B54E8D700659C5E /* SentMemesTableViewController.swift */ = {isa = PBXFileReference; fileEncoding = 4; lastKnownFileType = sourcecode.swift; path = SentMemesTableViewController.swift; sourceTree = "<group>"; };
		6B7DAF3A1B54E99000659C5E /* SentMemesCollectionViewController.swift */ = {isa = PBXFileReference; fileEncoding = 4; lastKnownFileType = sourcecode.swift; path = SentMemesCollectionViewController.swift; sourceTree = "<group>"; };
		6B7DAF3C1B55F3A200659C5E /* MemeTableViewCell.swift */ = {isa = PBXFileReference; fileEncoding = 4; lastKnownFileType = sourcecode.swift; path = MemeTableViewCell.swift; sourceTree = "<group>"; };
		6B8F6A201B530F1F00F40EB5 /* MemeMe.app */ = {isa = PBXFileReference; explicitFileType = wrapper.application; includeInIndex = 0; path = MemeMe.app; sourceTree = BUILT_PRODUCTS_DIR; };
		6B8F6A241B530F1F00F40EB5 /* Info.plist */ = {isa = PBXFileReference; lastKnownFileType = text.plist.xml; path = Info.plist; sourceTree = "<group>"; };
		6B8F6A251B530F1F00F40EB5 /* AppDelegate.swift */ = {isa = PBXFileReference; lastKnownFileType = sourcecode.swift; path = AppDelegate.swift; sourceTree = "<group>"; };
		6B8F6A271B530F1F00F40EB5 /* ViewController.swift */ = {isa = PBXFileReference; lastKnownFileType = sourcecode.swift; path = ViewController.swift; sourceTree = "<group>"; };
		6B8F6A2A1B530F1F00F40EB5 /* Base */ = {isa = PBXFileReference; lastKnownFileType = file.storyboard; name = Base; path = Base.lproj/Main.storyboard; sourceTree = "<group>"; };
		6B8F6A2C1B530F1F00F40EB5 /* Images.xcassets */ = {isa = PBXFileReference; lastKnownFileType = folder.assetcatalog; path = Images.xcassets; sourceTree = "<group>"; };
		6B8F6A2F1B530F1F00F40EB5 /* Base */ = {isa = PBXFileReference; lastKnownFileType = file.xib; name = Base; path = Base.lproj/LaunchScreen.xib; sourceTree = "<group>"; };
		6B8F6A351B530F1F00F40EB5 /* MemeMeTests.xctest */ = {isa = PBXFileReference; explicitFileType = wrapper.cfbundle; includeInIndex = 0; path = MemeMeTests.xctest; sourceTree = BUILT_PRODUCTS_DIR; };
		6B8F6A3A1B530F1F00F40EB5 /* Info.plist */ = {isa = PBXFileReference; lastKnownFileType = text.plist.xml; path = Info.plist; sourceTree = "<group>"; };
		6B8F6A3B1B530F1F00F40EB5 /* MemeMeTests.swift */ = {isa = PBXFileReference; lastKnownFileType = sourcecode.swift; path = MemeMeTests.swift; sourceTree = "<group>"; };
		6B8F6A451B530F8000F40EB5 /* collection@1x.png */ = {isa = PBXFileReference; lastKnownFileType = image.png; path = "collection@1x.png"; sourceTree = "<group>"; };
		6B8F6A461B530F8000F40EB5 /* collection@2x.png */ = {isa = PBXFileReference; lastKnownFileType = image.png; path = "collection@2x.png"; sourceTree = "<group>"; };
		6B8F6A471B530F8000F40EB5 /* collection@3x.png */ = {isa = PBXFileReference; lastKnownFileType = image.png; path = "collection@3x.png"; sourceTree = "<group>"; };
		6B8F6A481B530F8000F40EB5 /* LaunchImage.png */ = {isa = PBXFileReference; lastKnownFileType = image.png; path = LaunchImage.png; sourceTree = "<group>"; };
		6B8F6A491B530F8000F40EB5 /* MemeGenerator@2x.png */ = {isa = PBXFileReference; lastKnownFileType = image.png; path = "MemeGenerator@2x.png"; sourceTree = "<group>"; };
		6B8F6A4A1B530F8000F40EB5 /* MemeGenerator@3x.png */ = {isa = PBXFileReference; lastKnownFileType = image.png; path = "MemeGenerator@3x.png"; sourceTree = "<group>"; };
		6B8F6A4B1B530F8000F40EB5 /* table@1x.png */ = {isa = PBXFileReference; lastKnownFileType = image.png; path = "table@1x.png"; sourceTree = "<group>"; };
		6B8F6A4C1B530F8000F40EB5 /* table@2x.png */ = {isa = PBXFileReference; lastKnownFileType = image.png; path = "table@2x.png"; sourceTree = "<group>"; };
		6B8F6A4D1B530F8000F40EB5 /* table@3x.png */ = {isa = PBXFileReference; lastKnownFileType = image.png; path = "table@3x.png"; sourceTree = "<group>"; };
		6B8F6A5C1B532B6900F40EB5 /* MemeEditor.swift */ = {isa = PBXFileReference; fileEncoding = 4; lastKnownFileType = sourcecode.swift; path = MemeEditor.swift; sourceTree = "<group>"; };
		6BDCA6761B589019005A2C48 /* MemeLineLabel.swift */ = {isa = PBXFileReference; fileEncoding = 4; lastKnownFileType = sourcecode.swift; path = MemeLineLabel.swift; sourceTree = "<group>"; };
		6BDCA6781B589F1E005A2C48 /* MemeCollectionViewCell.swift */ = {isa = PBXFileReference; fileEncoding = 4; lastKnownFileType = sourcecode.swift; path = MemeCollectionViewCell.swift; sourceTree = "<group>"; };
/* End PBXFileReference section */

/* Begin PBXFrameworksBuildPhase section */
		6B8F6A1D1B530F1F00F40EB5 /* Frameworks */ = {
			isa = PBXFrameworksBuildPhase;
			buildActionMask = 2147483647;
			files = (
			);
			runOnlyForDeploymentPostprocessing = 0;
		};
		6B8F6A321B530F1F00F40EB5 /* Frameworks */ = {
			isa = PBXFrameworksBuildPhase;
			buildActionMask = 2147483647;
			files = (
			);
			runOnlyForDeploymentPostprocessing = 0;
		};
/* End PBXFrameworksBuildPhase section */

/* Begin PBXGroup section */
		6B8F6A171B530F1F00F40EB5 = {
			isa = PBXGroup;
			children = (
				6B8F6A221B530F1F00F40EB5 /* MemeMe */,
				6B8F6A381B530F1F00F40EB5 /* MemeMeTests */,
				6B8F6A211B530F1F00F40EB5 /* Products */,
			);
			sourceTree = "<group>";
		};
		6B8F6A211B530F1F00F40EB5 /* Products */ = {
			isa = PBXGroup;
			children = (
				6B8F6A201B530F1F00F40EB5 /* MemeMe.app */,
				6B8F6A351B530F1F00F40EB5 /* MemeMeTests.xctest */,
			);
			name = Products;
			sourceTree = "<group>";
		};
		6B8F6A221B530F1F00F40EB5 /* MemeMe */ = {
			isa = PBXGroup;
			children = (
				6B8F6A251B530F1F00F40EB5 /* AppDelegate.swift */,
				6B8F6A271B530F1F00F40EB5 /* ViewController.swift */,
				6B8F6A291B530F1F00F40EB5 /* Main.storyboard */,
				6B8F6A2C1B530F1F00F40EB5 /* Images.xcassets */,
				6B8F6A2E1B530F1F00F40EB5 /* LaunchScreen.xib */,
				6B8F6A571B530F8800F40EB5 /* Graphical Assets */,
				6B8F6A231B530F1F00F40EB5 /* Supporting Files */,
				6B8F6A5C1B532B6900F40EB5 /* MemeEditor.swift */,
				6B7DAF341B54907500659C5E /* Meme.swift */,
				6B7DAF381B54E8D700659C5E /* SentMemesTableViewController.swift */,
				6B7DAF3A1B54E99000659C5E /* SentMemesCollectionViewController.swift */,
				6BDCA6781B589F1E005A2C48 /* MemeCollectionViewCell.swift */,
				6B7DAF3C1B55F3A200659C5E /* MemeTableViewCell.swift */,
				6BDCA6761B589019005A2C48 /* MemeLineLabel.swift */,
			);
			path = MemeMe;
			sourceTree = "<group>";
		};
		6B8F6A231B530F1F00F40EB5 /* Supporting Files */ = {
			isa = PBXGroup;
			children = (
				6B8F6A241B530F1F00F40EB5 /* Info.plist */,
			);
			name = "Supporting Files";
			sourceTree = "<group>";
		};
		6B8F6A381B530F1F00F40EB5 /* MemeMeTests */ = {
			isa = PBXGroup;
			children = (
				6B8F6A3B1B530F1F00F40EB5 /* MemeMeTests.swift */,
				6B8F6A391B530F1F00F40EB5 /* Supporting Files */,
			);
			path = MemeMeTests;
			sourceTree = "<group>";
		};
		6B8F6A391B530F1F00F40EB5 /* Supporting Files */ = {
			isa = PBXGroup;
			children = (
				6B8F6A3A1B530F1F00F40EB5 /* Info.plist */,
			);
			name = "Supporting Files";
			sourceTree = "<group>";
		};
		6B8F6A571B530F8800F40EB5 /* Graphical Assets */ = {
			isa = PBXGroup;
			children = (
				6B8F6A451B530F8000F40EB5 /* collection@1x.png */,
				6B8F6A461B530F8000F40EB5 /* collection@2x.png */,
				6B8F6A471B530F8000F40EB5 /* collection@3x.png */,
				6B8F6A481B530F8000F40EB5 /* LaunchImage.png */,
				6B8F6A491B530F8000F40EB5 /* MemeGenerator@2x.png */,
				6B8F6A4A1B530F8000F40EB5 /* MemeGenerator@3x.png */,
				6B8F6A4B1B530F8000F40EB5 /* table@1x.png */,
				6B8F6A4C1B530F8000F40EB5 /* table@2x.png */,
				6B8F6A4D1B530F8000F40EB5 /* table@3x.png */,
			);
			name = "Graphical Assets";
			sourceTree = "<group>";
		};
/* End PBXGroup section */

/* Begin PBXNativeTarget section */
		6B8F6A1F1B530F1F00F40EB5 /* MemeMe */ = {
			isa = PBXNativeTarget;
			buildConfigurationList = 6B8F6A3F1B530F1F00F40EB5 /* Build configuration list for PBXNativeTarget "MemeMe" */;
			buildPhases = (
				6B8F6A1C1B530F1F00F40EB5 /* Sources */,
				6B8F6A1D1B530F1F00F40EB5 /* Frameworks */,
				6B8F6A1E1B530F1F00F40EB5 /* Resources */,
			);
			buildRules = (
			);
			dependencies = (
			);
			name = MemeMe;
			productName = MemeMe;
			productReference = 6B8F6A201B530F1F00F40EB5 /* MemeMe.app */;
			productType = "com.apple.product-type.application";
		};
		6B8F6A341B530F1F00F40EB5 /* MemeMeTests */ = {
			isa = PBXNativeTarget;
			buildConfigurationList = 6B8F6A421B530F1F00F40EB5 /* Build configuration list for PBXNativeTarget "MemeMeTests" */;
			buildPhases = (
				6B8F6A311B530F1F00F40EB5 /* Sources */,
				6B8F6A321B530F1F00F40EB5 /* Frameworks */,
				6B8F6A331B530F1F00F40EB5 /* Resources */,
			);
			buildRules = (
			);
			dependencies = (
				6B8F6A371B530F1F00F40EB5 /* PBXTargetDependency */,
			);
			name = MemeMeTests;
			productName = MemeMeTests;
			productReference = 6B8F6A351B530F1F00F40EB5 /* MemeMeTests.xctest */;
			productType = "com.apple.product-type.bundle.unit-test";
		};
/* End PBXNativeTarget section */

/* Begin PBXProject section */
		6B8F6A181B530F1F00F40EB5 /* Project object */ = {
			isa = PBXProject;
			attributes = {
				LastUpgradeCheck = 0640;
				ORGANIZATIONNAME = "Alon Consulting, Inc.";
				TargetAttributes = {
					6B8F6A1F1B530F1F00F40EB5 = {
						CreatedOnToolsVersion = 6.4;
					};
					6B8F6A341B530F1F00F40EB5 = {
						CreatedOnToolsVersion = 6.4;
						TestTargetID = 6B8F6A1F1B530F1F00F40EB5;
					};
				};
			};
			buildConfigurationList = 6B8F6A1B1B530F1F00F40EB5 /* Build configuration list for PBXProject "MemeMe" */;
			compatibilityVersion = "Xcode 3.2";
			developmentRegion = English;
			hasScannedForEncodings = 0;
			knownRegions = (
				en,
				Base,
			);
			mainGroup = 6B8F6A171B530F1F00F40EB5;
			productRefGroup = 6B8F6A211B530F1F00F40EB5 /* Products */;
			projectDirPath = "";
			projectRoot = "";
			targets = (
				6B8F6A1F1B530F1F00F40EB5 /* MemeMe */,
				6B8F6A341B530F1F00F40EB5 /* MemeMeTests */,
			);
		};
/* End PBXProject section */

/* Begin PBXResourcesBuildPhase section */
		6B8F6A1E1B530F1F00F40EB5 /* Resources */ = {
			isa = PBXResourcesBuildPhase;
			buildActionMask = 2147483647;
			files = (
				6B8F6A541B530F8000F40EB5 /* table@1x.png in Resources */,
				6B8F6A2B1B530F1F00F40EB5 /* Main.storyboard in Resources */,
				6B8F6A4E1B530F8000F40EB5 /* collection@1x.png in Resources */,
				6B8F6A4F1B530F8000F40EB5 /* collection@2x.png in Resources */,
				6B8F6A551B530F8000F40EB5 /* table@2x.png in Resources */,
				6B8F6A511B530F8000F40EB5 /* LaunchImage.png in Resources */,
				6B8F6A561B530F8000F40EB5 /* table@3x.png in Resources */,
				6B8F6A521B530F8000F40EB5 /* MemeGenerator@2x.png in Resources */,
				6B8F6A501B530F8000F40EB5 /* collection@3x.png in Resources */,
				6B8F6A301B530F1F00F40EB5 /* LaunchScreen.xib in Resources */,
				6B8F6A2D1B530F1F00F40EB5 /* Images.xcassets in Resources */,
				6B8F6A531B530F8000F40EB5 /* MemeGenerator@3x.png in Resources */,
			);
			runOnlyForDeploymentPostprocessing = 0;
		};
		6B8F6A331B530F1F00F40EB5 /* Resources */ = {
			isa = PBXResourcesBuildPhase;
			buildActionMask = 2147483647;
			files = (
			);
			runOnlyForDeploymentPostprocessing = 0;
		};
/* End PBXResourcesBuildPhase section */

/* Begin PBXSourcesBuildPhase section */
		6B8F6A1C1B530F1F00F40EB5 /* Sources */ = {
			isa = PBXSourcesBuildPhase;
			buildActionMask = 2147483647;
			files = (
				6B8F6A281B530F1F00F40EB5 /* ViewController.swift in Sources */,
				6B7DAF351B54907500659C5E /* Meme.swift in Sources */,
				6BDCA6771B589019005A2C48 /* MemeLineLabel.swift in Sources */,
				6BDCA6791B589F1E005A2C48 /* MemeCollectionViewCell.swift in Sources */,
				6B7DAF3B1B54E99000659C5E /* SentMemesCollectionViewController.swift in Sources */,
				6B8F6A261B530F1F00F40EB5 /* AppDelegate.swift in Sources */,
				6B7DAF3D1B55F3A200659C5E /* MemeTableViewCell.swift in Sources */,
				6B7DAF391B54E8D800659C5E /* SentMemesTableViewController.swift in Sources */,
				6B8F6A5D1B532B6900F40EB5 /* MemeEditor.swift in Sources */,
			);
			runOnlyForDeploymentPostprocessing = 0;
		};
		6B8F6A311B530F1F00F40EB5 /* Sources */ = {
			isa = PBXSourcesBuildPhase;
			buildActionMask = 2147483647;
			files = (
				6B8F6A3C1B530F1F00F40EB5 /* MemeMeTests.swift in Sources */,
			);
			runOnlyForDeploymentPostprocessing = 0;
		};
/* End PBXSourcesBuildPhase section */

/* Begin PBXTargetDependency section */
		6B8F6A371B530F1F00F40EB5 /* PBXTargetDependency */ = {
			isa = PBXTargetDependency;
			target = 6B8F6A1F1B530F1F00F40EB5 /* MemeMe */;
			targetProxy = 6B8F6A361B530F1F00F40EB5 /* PBXContainerItemProxy */;
		};
/* End PBXTargetDependency section */

/* Begin PBXVariantGroup section */
		6B8F6A291B530F1F00F40EB5 /* Main.storyboard */ = {
			isa = PBXVariantGroup;
			children = (
				6B8F6A2A1B530F1F00F40EB5 /* Base */,
			);
			name = Main.storyboard;
			sourceTree = "<group>";
		};
		6B8F6A2E1B530F1F00F40EB5 /* LaunchScreen.xib */ = {
			isa = PBXVariantGroup;
			children = (
				6B8F6A2F1B530F1F00F40EB5 /* Base */,
			);
			name = LaunchScreen.xib;
			sourceTree = "<group>";
		};
/* End PBXVariantGroup section */

/* Begin XCBuildConfiguration section */
		6B8F6A3D1B530F1F00F40EB5 /* Debug */ = {
			isa = XCBuildConfiguration;
			buildSettings = {
				ALWAYS_SEARCH_USER_PATHS = NO;
				CLANG_CXX_LANGUAGE_STANDARD = "gnu++0x";
				CLANG_CXX_LIBRARY = "libc++";
				CLANG_ENABLE_MODULES = YES;
				CLANG_ENABLE_OBJC_ARC = YES;
				CLANG_WARN_BOOL_CONVERSION = YES;
				CLANG_WARN_CONSTANT_CONVERSION = YES;
				CLANG_WARN_DIRECT_OBJC_ISA_USAGE = YES_ERROR;
				CLANG_WARN_EMPTY_BODY = YES;
				CLANG_WARN_ENUM_CONVERSION = YES;
				CLANG_WARN_INT_CONVERSION = YES;
				CLANG_WARN_OBJC_ROOT_CLASS = YES_ERROR;
				CLANG_WARN_UNREACHABLE_CODE = YES;
				CLANG_WARN__DUPLICATE_METHOD_MATCH = YES;
				"CODE_SIGN_IDENTITY[sdk=iphoneos*]" = "iPhone Developer";
				COPY_PHASE_STRIP = NO;
				DEBUG_INFORMATION_FORMAT = "dwarf-with-dsym";
				ENABLE_STRICT_OBJC_MSGSEND = YES;
				GCC_C_LANGUAGE_STANDARD = gnu99;
				GCC_DYNAMIC_NO_PIC = NO;
				GCC_NO_COMMON_BLOCKS = YES;
				GCC_OPTIMIZATION_LEVEL = 0;
				GCC_PREPROCESSOR_DEFINITIONS = (
					"DEBUG=1",
					"$(inherited)",
				);
				GCC_SYMBOLS_PRIVATE_EXTERN = NO;
				GCC_WARN_64_TO_32_BIT_CONVERSION = YES;
				GCC_WARN_ABOUT_RETURN_TYPE = YES_ERROR;
				GCC_WARN_UNDECLARED_SELECTOR = YES;
				GCC_WARN_UNINITIALIZED_AUTOS = YES_AGGRESSIVE;
				GCC_WARN_UNUSED_FUNCTION = YES;
				GCC_WARN_UNUSED_VARIABLE = YES;
				IPHONEOS_DEPLOYMENT_TARGET = 8.4;
				MTL_ENABLE_DEBUG_INFO = YES;
				ONLY_ACTIVE_ARCH = YES;
				SDKROOT = iphoneos;
				SWIFT_OPTIMIZATION_LEVEL = "-Onone";
			};
			name = Debug;
		};
		6B8F6A3E1B530F1F00F40EB5 /* Release */ = {
			isa = XCBuildConfiguration;
			buildSettings = {
				ALWAYS_SEARCH_USER_PATHS = NO;
				CLANG_CXX_LANGUAGE_STANDARD = "gnu++0x";
				CLANG_CXX_LIBRARY = "libc++";
				CLANG_ENABLE_MODULES = YES;
				CLANG_ENABLE_OBJC_ARC = YES;
				CLANG_WARN_BOOL_CONVERSION = YES;
				CLANG_WARN_CONSTANT_CONVERSION = YES;
				CLANG_WARN_DIRECT_OBJC_ISA_USAGE = YES_ERROR;
				CLANG_WARN_EMPTY_BODY = YES;
				CLANG_WARN_ENUM_CONVERSION = YES;
				CLANG_WARN_INT_CONVERSION = YES;
				CLANG_WARN_OBJC_ROOT_CLASS = YES_ERROR;
				CLANG_WARN_UNREACHABLE_CODE = YES;
				CLANG_WARN__DUPLICATE_METHOD_MATCH = YES;
				"CODE_SIGN_IDENTITY[sdk=iphoneos*]" = "iPhone Developer";
				COPY_PHASE_STRIP = NO;
				DEBUG_INFORMATION_FORMAT = "dwarf-with-dsym";
				ENABLE_NS_ASSERTIONS = NO;
				ENABLE_STRICT_OBJC_MSGSEND = YES;
				GCC_C_LANGUAGE_STANDARD = gnu99;
				GCC_NO_COMMON_BLOCKS = YES;
				GCC_WARN_64_TO_32_BIT_CONVERSION = YES;
				GCC_WARN_ABOUT_RETURN_TYPE = YES_ERROR;
				GCC_WARN_UNDECLARED_SELECTOR = YES;
				GCC_WARN_UNINITIALIZED_AUTOS = YES_AGGRESSIVE;
				GCC_WARN_UNUSED_FUNCTION = YES;
				GCC_WARN_UNUSED_VARIABLE = YES;
				IPHONEOS_DEPLOYMENT_TARGET = 8.4;
				MTL_ENABLE_DEBUG_INFO = NO;
				SDKROOT = iphoneos;
				VALIDATE_PRODUCT = YES;
			};
			name = Release;
		};
		6B8F6A401B530F1F00F40EB5 /* Debug */ = {
			isa = XCBuildConfiguration;
			buildSettings = {
				ASSETCATALOG_COMPILER_APPICON_NAME = AppIcon;
				INFOPLIST_FILE = MemeMe/Info.plist;
				LD_RUNPATH_SEARCH_PATHS = "$(inherited) @executable_path/Frameworks";
				PRODUCT_NAME = "$(TARGET_NAME)";
			};
			name = Debug;
		};
		6B8F6A411B530F1F00F40EB5 /* Release */ = {
			isa = XCBuildConfiguration;
			buildSettings = {
				ASSETCATALOG_COMPILER_APPICON_NAME = AppIcon;
				INFOPLIST_FILE = MemeMe/Info.plist;
				LD_RUNPATH_SEARCH_PATHS = "$(inherited) @executable_path/Frameworks";
				PRODUCT_NAME = "$(TARGET_NAME)";
			};
			name = Release;
		};
		6B8F6A431B530F1F00F40EB5 /* Debug */ = {
			isa = XCBuildConfiguration;
			buildSettings = {
				BUNDLE_LOADER = "$(TEST_HOST)";
				FRAMEWORK_SEARCH_PATHS = (
					"$(SDKROOT)/Developer/Library/Frameworks",
					"$(inherited)",
				);
				GCC_PREPROCESSOR_DEFINITIONS = (
					"DEBUG=1",
					"$(inherited)",
				);
				INFOPLIST_FILE = MemeMeTests/Info.plist;
				LD_RUNPATH_SEARCH_PATHS = "$(inherited) @executable_path/Frameworks @loader_path/Frameworks";
				PRODUCT_NAME = "$(TARGET_NAME)";
				TEST_HOST = "$(BUILT_PRODUCTS_DIR)/MemeMe.app/MemeMe";
			};
			name = Debug;
		};
		6B8F6A441B530F1F00F40EB5 /* Release */ = {
			isa = XCBuildConfiguration;
			buildSettings = {
				BUNDLE_LOADER = "$(TEST_HOST)";
				FRAMEWORK_SEARCH_PATHS = (
					"$(SDKROOT)/Developer/Library/Frameworks",
					"$(inherited)",
				);
				INFOPLIST_FILE = MemeMeTests/Info.plist;
				LD_RUNPATH_SEARCH_PATHS = "$(inherited) @executable_path/Frameworks @loader_path/Frameworks";
				PRODUCT_NAME = "$(TARGET_NAME)";
				TEST_HOST = "$(BUILT_PRODUCTS_DIR)/MemeMe.app/MemeMe";
			};
			name = Release;
		};
/* End XCBuildConfiguration section */

/* Begin XCConfigurationList section */
		6B8F6A1B1B530F1F00F40EB5 /* Build configuration list for PBXProject "MemeMe" */ = {
			isa = XCConfigurationList;
			buildConfigurations = (
				6B8F6A3D1B530F1F00F40EB5 /* Debug */,
				6B8F6A3E1B530F1F00F40EB5 /* Release */,
			);
			defaultConfigurationIsVisible = 0;
			defaultConfigurationName = Release;
		};
		6B8F6A3F1B530F1F00F40EB5 /* Build configuration list for PBXNativeTarget "MemeMe" */ = {
			isa = XCConfigurationList;
			buildConfigurations = (
				6B8F6A401B530F1F00F40EB5 /* Debug */,
				6B8F6A411B530F1F00F40EB5 /* Release */,
			);
			defaultConfigurationIsVisible = 0;
			defaultConfigurationName = Release;
		};
		6B8F6A421B530F1F00F40EB5 /* Build configuration list for PBXNativeTarget "MemeMeTests" */ = {
			isa = XCConfigurationList;
			buildConfigurations = (
				6B8F6A431B530F1F00F40EB5 /* Debug */,
				6B8F6A441B530F1F00F40EB5 /* Release */,
			);
			defaultConfigurationIsVisible = 0;
			defaultConfigurationName = Release;
		};
/* End XCConfigurationList section */
	};
	rootObject = 6B8F6A181B530F1F00F40EB5 /* Project object */;
}
